
Microsoft Visual Studio Solution File, Format Version 12.00
# Visual Studio Version 17
VisualStudioVersion = 17.4.33110.190
MinimumVisualStudioVersion = 10.0.40219.1
Project("{FAE04EC0-301F-11D3-BF4B-00C04F79EFBC}") = "csharp-bookstore", "csharp-bookstore.csproj", "{A106F078-F153-4F73-B8D0-D8DC340D14AA}"
EndProject
Global
	GlobalSection(SolutionConfigurationPlatforms) = preSolution
		Debug|Any CPU = Debug|Any CPU
		Release|Any CPU = Release|Any CPU
	EndGlobalSection
	GlobalSection(ProjectConfigurationPlatforms) = postSolution
		{A106F078-F153-4F73-B8D0-D8DC340D14AA}.Debug|Any CPU.ActiveCfg = Debug|Any CPU
		{A106F078-F153-4F73-B8D0-D8DC340D14AA}.Debug|Any CPU.Build.0 = Debug|Any CPU
		{A106F078-F153-4F73-B8D0-D8DC340D14AA}.Release|Any CPU.ActiveCfg = Release|Any CPU
		{A106F078-F153-4F73-B8D0-D8DC340D14AA}.Release|Any CPU.Build.0 = Release|Any CPU
	EndGlobalSection
	GlobalSection(SolutionProperties) = preSolution
		HideSolutionNode = FALSE
	EndGlobalSection
	GlobalSection(ExtensibilityGlobals) = postSolution
		SolutionGuid = {50F672FC-96C5-4018-A912-62E7E96DBE53}
	EndGlobalSection
EndGlobal
